
Microsoft Visual Studio Solution File, Format Version 12.00
# Visual Studio 2013
VisualStudioVersion = 12.0.30501.0
MinimumVisualStudioVersion = 10.0.40219.1
Project("{FAE04EC0-301F-11D3-BF4B-00C04F79EFBC}") = "NuCache", "NuCache\NuCache.csproj", "{AD772A73-3D0A-4030-A797-0B20E1AF70E9}"
EndProject
Project("{FAE04EC0-301F-11D3-BF4B-00C04F79EFBC}") = "NuCache.Tests", "NuCache.Tests\NuCache.Tests.csproj", "{88DFB4A7-04D6-48B1-AEA4-F4BE0CCE74CF}"
EndProject
Project("{2150E333-8FDC-42A3-9474-1A3956D46DE8}") = ".nuget", ".nuget", "{A0C29EBC-7586-4F1E-B92B-8176C0C27618}"
	ProjectSection(SolutionItems) = preProject
		.nuget\packages.config = .nuget\packages.config
	EndProjectSection
EndProject
Global
	GlobalSection(SolutionConfigurationPlatforms) = preSolution
		Debug|Any CPU = Debug|Any CPU
		Release|Any CPU = Release|Any CPU
	EndGlobalSection
	GlobalSection(ProjectConfigurationPlatforms) = postSolution
		{AD772A73-3D0A-4030-A797-0B20E1AF70E9}.Debug|Any CPU.ActiveCfg = Debug|Any CPU
		{AD772A73-3D0A-4030-A797-0B20E1AF70E9}.Debug|Any CPU.Build.0 = Debug|Any CPU
		{AD772A73-3D0A-4030-A797-0B20E1AF70E9}.Release|Any CPU.ActiveCfg = Release|Any CPU
		{AD772A73-3D0A-4030-A797-0B20E1AF70E9}.Release|Any CPU.Build.0 = Release|Any CPU
		{88DFB4A7-04D6-48B1-AEA4-F4BE0CCE74CF}.Debug|Any CPU.ActiveCfg = Debug|Any CPU
		{88DFB4A7-04D6-48B1-AEA4-F4BE0CCE74CF}.Debug|Any CPU.Build.0 = Debug|Any CPU
		{88DFB4A7-04D6-48B1-AEA4-F4BE0CCE74CF}.Release|Any CPU.ActiveCfg = Release|Any CPU
		{88DFB4A7-04D6-48B1-AEA4-F4BE0CCE74CF}.Release|Any CPU.Build.0 = Release|Any CPU
	EndGlobalSection
	GlobalSection(SolutionProperties) = preSolution
		HideSolutionNode = FALSE
	EndGlobalSection
EndGlobal
